// !$*UTF8*$!
{
	archiveVersion = 1;
	classes = {
	};
	objectVersion = 55;
	objects = {

/* Begin PBXBuildFile section */
		BF8942AC270BE8050076E45B /* World.swift in Sources */ = {isa = PBXBuildFile; fileRef = BF8942AB270BE8050076E45B /* World.swift */; };
		BF8942AD270BE8050076E45B /* World.swift in Sources */ = {isa = PBXBuildFile; fileRef = BF8942AB270BE8050076E45B /* World.swift */; };
		BF8942B3270D259E0076E45B /* Block.swift in Sources */ = {isa = PBXBuildFile; fileRef = BF8942B2270D259D0076E45B /* Block.swift */; };
		BF8942B4270D259E0076E45B /* Block.swift in Sources */ = {isa = PBXBuildFile; fileRef = BF8942B2270D259D0076E45B /* Block.swift */; };
		BF8942B9270F91F00076E45B /* BlockchainNode.swift in Sources */ = {isa = PBXBuildFile; fileRef = BF8942B8270F91F00076E45B /* BlockchainNode.swift */; };
		BF8942BA270F91F00076E45B /* BlockchainNode.swift in Sources */ = {isa = PBXBuildFile; fileRef = BF8942B8270F91F00076E45B /* BlockchainNode.swift */; };
		BF8942BC270F92400076E45B /* MemoryPool.swift in Sources */ = {isa = PBXBuildFile; fileRef = BF8942BB270F92400076E45B /* MemoryPool.swift */; };
		BF8942BD270F92400076E45B /* MemoryPool.swift in Sources */ = {isa = PBXBuildFile; fileRef = BF8942BB270F92400076E45B /* MemoryPool.swift */; };
		BF8942BF270F925C0076E45B /* Transactions.swift in Sources */ = {isa = PBXBuildFile; fileRef = BF8942BE270F925C0076E45B /* Transactions.swift */; };
		BF8942C0270F925C0076E45B /* Transactions.swift in Sources */ = {isa = PBXBuildFile; fileRef = BF8942BE270F925C0076E45B /* Transactions.swift */; };
		BF8942E5270FAABD0076E45B /* MacSwiftCoinUnitTests.swift in Sources */ = {isa = PBXBuildFile; fileRef = BF8942E4270FAABD0076E45B /* MacSwiftCoinUnitTests.swift */; };
		BF8942FF270FAB240076E45B /* SwiftCoinTestsIOS.swift in Sources */ = {isa = PBXBuildFile; fileRef = BF8942FE270FAB240076E45B /* SwiftCoinTestsIOS.swift */; };
		BFD58832270AD731003D8FC7 /* Extensions.swift in Sources */ = {isa = PBXBuildFile; fileRef = BFD58831270AD731003D8FC7 /* Extensions.swift */; };
		BFD58833270AD731003D8FC7 /* Extensions.swift in Sources */ = {isa = PBXBuildFile; fileRef = BFD58831270AD731003D8FC7 /* Extensions.swift */; };
		D26B2BF12709269B008822B8 /* SwiftCoinApp.swift in Sources */ = {isa = PBXBuildFile; fileRef = D26B2BC927092698008822B8 /* SwiftCoinApp.swift */; };
		D26B2BF22709269B008822B8 /* SwiftCoinApp.swift in Sources */ = {isa = PBXBuildFile; fileRef = D26B2BC927092698008822B8 /* SwiftCoinApp.swift */; };
		D26B2BF32709269B008822B8 /* ContentView.swift in Sources */ = {isa = PBXBuildFile; fileRef = D26B2BCA27092698008822B8 /* ContentView.swift */; };
		D26B2BF42709269B008822B8 /* ContentView.swift in Sources */ = {isa = PBXBuildFile; fileRef = D26B2BCA27092698008822B8 /* ContentView.swift */; };
		D26B2BF52709269B008822B8 /* Assets.xcassets in Resources */ = {isa = PBXBuildFile; fileRef = D26B2BCB2709269B008822B8 /* Assets.xcassets */; };
		D26B2BF62709269B008822B8 /* Assets.xcassets in Resources */ = {isa = PBXBuildFile; fileRef = D26B2BCB2709269B008822B8 /* Assets.xcassets */; };
		D26B2C17270960E0008822B8 /* UInt256+FixedWidthInteger.swift in Sources */ = {isa = PBXBuildFile; fileRef = D26B2C06270960DF008822B8 /* UInt256+FixedWidthInteger.swift */; };
		D26B2C18270960E0008822B8 /* UInt256+FixedWidthInteger.swift in Sources */ = {isa = PBXBuildFile; fileRef = D26B2C06270960DF008822B8 /* UInt256+FixedWidthInteger.swift */; };
		D26B2C19270960E0008822B8 /* UInt256+arc4random.swift in Sources */ = {isa = PBXBuildFile; fileRef = D26B2C07270960DF008822B8 /* UInt256+arc4random.swift */; };
		D26B2C1A270960E0008822B8 /* UInt256+arc4random.swift in Sources */ = {isa = PBXBuildFile; fileRef = D26B2C07270960DF008822B8 /* UInt256+arc4random.swift */; };
		D26B2C1B270960E0008822B8 /* UInt256.swift in Sources */ = {isa = PBXBuildFile; fileRef = D26B2C08270960DF008822B8 /* UInt256.swift */; };
		D26B2C1C270960E0008822B8 /* UInt256.swift in Sources */ = {isa = PBXBuildFile; fileRef = D26B2C08270960DF008822B8 /* UInt256.swift */; };
		D26B2C1D270960E0008822B8 /* UInt256+ExpressibleByIntegerLiteral.swift in Sources */ = {isa = PBXBuildFile; fileRef = D26B2C09270960DF008822B8 /* UInt256+ExpressibleByIntegerLiteral.swift */; };
		D26B2C1E270960E0008822B8 /* UInt256+ExpressibleByIntegerLiteral.swift in Sources */ = {isa = PBXBuildFile; fileRef = D26B2C09270960DF008822B8 /* UInt256+ExpressibleByIntegerLiteral.swift */; };
		D26B2C1F270960E0008822B8 /* UInt256+UnsignedInteger.swift in Sources */ = {isa = PBXBuildFile; fileRef = D26B2C0A270960E0008822B8 /* UInt256+UnsignedInteger.swift */; };
		D26B2C20270960E0008822B8 /* UInt256+UnsignedInteger.swift in Sources */ = {isa = PBXBuildFile; fileRef = D26B2C0A270960E0008822B8 /* UInt256+UnsignedInteger.swift */; };
		D26B2C21270960E0008822B8 /* UInt256+Comparable.swift in Sources */ = {isa = PBXBuildFile; fileRef = D26B2C0B270960E0008822B8 /* UInt256+Comparable.swift */; };
		D26B2C22270960E0008822B8 /* UInt256+Comparable.swift in Sources */ = {isa = PBXBuildFile; fileRef = D26B2C0B270960E0008822B8 /* UInt256+Comparable.swift */; };
		D26B2C23270960E0008822B8 /* UInt256+Equatable.swift in Sources */ = {isa = PBXBuildFile; fileRef = D26B2C0C270960E0008822B8 /* UInt256+Equatable.swift */; };
		D26B2C24270960E0008822B8 /* UInt256+Equatable.swift in Sources */ = {isa = PBXBuildFile; fileRef = D26B2C0C270960E0008822B8 /* UInt256+Equatable.swift */; };
		D26B2C25270960E0008822B8 /* UInt256+Karatsuba.swift in Sources */ = {isa = PBXBuildFile; fileRef = D26B2C0E270960E0008822B8 /* UInt256+Karatsuba.swift */; };
		D26B2C26270960E0008822B8 /* UInt256+Karatsuba.swift in Sources */ = {isa = PBXBuildFile; fileRef = D26B2C0E270960E0008822B8 /* UInt256+Karatsuba.swift */; };
		D26B2C27270960E0008822B8 /* UInt256+CustomStringConvertible.swift in Sources */ = {isa = PBXBuildFile; fileRef = D26B2C0F270960E0008822B8 /* UInt256+CustomStringConvertible.swift */; };
		D26B2C28270960E0008822B8 /* UInt256+CustomStringConvertible.swift in Sources */ = {isa = PBXBuildFile; fileRef = D26B2C0F270960E0008822B8 /* UInt256+CustomStringConvertible.swift */; };
		D26B2C29270960E0008822B8 /* UInt256+Hashable.swift in Sources */ = {isa = PBXBuildFile; fileRef = D26B2C10270960E0008822B8 /* UInt256+Hashable.swift */; };
		D26B2C2A270960E0008822B8 /* UInt256+Hashable.swift in Sources */ = {isa = PBXBuildFile; fileRef = D26B2C10270960E0008822B8 /* UInt256+Hashable.swift */; };
		D26B2C2B270960E0008822B8 /* FixedWidthInteger+BarrettDivision.swift in Sources */ = {isa = PBXBuildFile; fileRef = D26B2C11270960E0008822B8 /* FixedWidthInteger+BarrettDivision.swift */; };
		D26B2C2C270960E0008822B8 /* FixedWidthInteger+BarrettDivision.swift in Sources */ = {isa = PBXBuildFile; fileRef = D26B2C11270960E0008822B8 /* FixedWidthInteger+BarrettDivision.swift */; };
		D26B2C2F270960E0008822B8 /* FixedWidthInteger+LongDivision.swift in Sources */ = {isa = PBXBuildFile; fileRef = D26B2C13270960E0008822B8 /* FixedWidthInteger+LongDivision.swift */; };
		D26B2C30270960E0008822B8 /* FixedWidthInteger+LongDivision.swift in Sources */ = {isa = PBXBuildFile; fileRef = D26B2C13270960E0008822B8 /* FixedWidthInteger+LongDivision.swift */; };
		D26B2C31270960E0008822B8 /* UInt256+Divide&Conquer.swift in Sources */ = {isa = PBXBuildFile; fileRef = D26B2C14270960E0008822B8 /* UInt256+Divide&Conquer.swift */; };
		D26B2C32270960E0008822B8 /* UInt256+Divide&Conquer.swift in Sources */ = {isa = PBXBuildFile; fileRef = D26B2C14270960E0008822B8 /* UInt256+Divide&Conquer.swift */; };
		D26B2C33270960E0008822B8 /* UInt256+BinaryInteger.swift in Sources */ = {isa = PBXBuildFile; fileRef = D26B2C15270960E0008822B8 /* UInt256+BinaryInteger.swift */; };
		D26B2C34270960E0008822B8 /* UInt256+BinaryInteger.swift in Sources */ = {isa = PBXBuildFile; fileRef = D26B2C15270960E0008822B8 /* UInt256+BinaryInteger.swift */; };
		D26B2C35270960E0008822B8 /* UInt256+Numeric.swift in Sources */ = {isa = PBXBuildFile; fileRef = D26B2C16270960E0008822B8 /* UInt256+Numeric.swift */; };
		D26B2C36270960E0008822B8 /* UInt256+Numeric.swift in Sources */ = {isa = PBXBuildFile; fileRef = D26B2C16270960E0008822B8 /* UInt256+Numeric.swift */; };
/* End PBXBuildFile section */

/* Begin PBXContainerItemProxy section */
		BF8942E6270FAABD0076E45B /* PBXContainerItemProxy */ = {
			isa = PBXContainerItemProxy;
			containerPortal = D26B2BC427092697008822B8 /* Project object */;
			proxyType = 1;
			remoteGlobalIDString = D26B2BD52709269B008822B8;
			remoteInfo = "SwiftCoin (macOS)";
		};
		BF894300270FAB240076E45B /* PBXContainerItemProxy */ = {
			isa = PBXContainerItemProxy;
			containerPortal = D26B2BC427092697008822B8 /* Project object */;
			proxyType = 1;
			remoteGlobalIDString = D26B2BCF2709269B008822B8;
			remoteInfo = "SwiftCoin (iOS)";
		};
/* End PBXContainerItemProxy section */

/* Begin PBXFileReference section */
		BF8942AB270BE8050076E45B /* World.swift */ = {isa = PBXFileReference; lastKnownFileType = sourcecode.swift; path = World.swift; sourceTree = "<group>"; };
		BF8942B2270D259D0076E45B /* Block.swift */ = {isa = PBXFileReference; lastKnownFileType = sourcecode.swift; path = Block.swift; sourceTree = "<group>"; };
		BF8942B8270F91F00076E45B /* BlockchainNode.swift */ = {isa = PBXFileReference; lastKnownFileType = sourcecode.swift; path = BlockchainNode.swift; sourceTree = "<group>"; };
		BF8942BB270F92400076E45B /* MemoryPool.swift */ = {isa = PBXFileReference; lastKnownFileType = sourcecode.swift; path = MemoryPool.swift; sourceTree = "<group>"; };
		BF8942BE270F925C0076E45B /* Transactions.swift */ = {isa = PBXFileReference; lastKnownFileType = sourcecode.swift; path = Transactions.swift; sourceTree = "<group>"; };
		BF8942E2270FAABD0076E45B /* MacSwiftCoinUnitTests.xctest */ = {isa = PBXFileReference; explicitFileType = wrapper.cfbundle; includeInIndex = 0; path = MacSwiftCoinUnitTests.xctest; sourceTree = BUILT_PRODUCTS_DIR; };
		BF8942E4270FAABD0076E45B /* MacSwiftCoinUnitTests.swift */ = {isa = PBXFileReference; lastKnownFileType = sourcecode.swift; path = MacSwiftCoinUnitTests.swift; sourceTree = "<group>"; };
		BF8942FC270FAB240076E45B /* SwiftCoinTestsIOS.xctest */ = {isa = PBXFileReference; explicitFileType = wrapper.cfbundle; includeInIndex = 0; path = SwiftCoinTestsIOS.xctest; sourceTree = BUILT_PRODUCTS_DIR; };
		BF8942FE270FAB240076E45B /* SwiftCoinTestsIOS.swift */ = {isa = PBXFileReference; lastKnownFileType = sourcecode.swift; path = SwiftCoinTestsIOS.swift; sourceTree = "<group>"; };
		BFD58831270AD731003D8FC7 /* Extensions.swift */ = {isa = PBXFileReference; lastKnownFileType = sourcecode.swift; path = Extensions.swift; sourceTree = "<group>"; };
		D26B2BC927092698008822B8 /* SwiftCoinApp.swift */ = {isa = PBXFileReference; lastKnownFileType = sourcecode.swift; path = SwiftCoinApp.swift; sourceTree = "<group>"; };
		D26B2BCA27092698008822B8 /* ContentView.swift */ = {isa = PBXFileReference; lastKnownFileType = sourcecode.swift; path = ContentView.swift; sourceTree = "<group>"; };
		D26B2BCB2709269B008822B8 /* Assets.xcassets */ = {isa = PBXFileReference; lastKnownFileType = folder.assetcatalog; path = Assets.xcassets; sourceTree = "<group>"; };
		D26B2BD02709269B008822B8 /* SwiftCoin.app */ = {isa = PBXFileReference; explicitFileType = wrapper.application; includeInIndex = 0; path = SwiftCoin.app; sourceTree = BUILT_PRODUCTS_DIR; };
		D26B2BD62709269B008822B8 /* SwiftCoin.app */ = {isa = PBXFileReference; explicitFileType = wrapper.application; includeInIndex = 0; path = SwiftCoin.app; sourceTree = BUILT_PRODUCTS_DIR; };
		D26B2BD82709269B008822B8 /* macOS.entitlements */ = {isa = PBXFileReference; lastKnownFileType = text.plist.entitlements; path = macOS.entitlements; sourceTree = "<group>"; };
		D26B2C06270960DF008822B8 /* UInt256+FixedWidthInteger.swift */ = {isa = PBXFileReference; fileEncoding = 4; lastKnownFileType = sourcecode.swift; path = "UInt256+FixedWidthInteger.swift"; sourceTree = "<group>"; };
		D26B2C07270960DF008822B8 /* UInt256+arc4random.swift */ = {isa = PBXFileReference; fileEncoding = 4; lastKnownFileType = sourcecode.swift; path = "UInt256+arc4random.swift"; sourceTree = "<group>"; };
		D26B2C08270960DF008822B8 /* UInt256.swift */ = {isa = PBXFileReference; fileEncoding = 4; lastKnownFileType = sourcecode.swift; path = UInt256.swift; sourceTree = "<group>"; };
		D26B2C09270960DF008822B8 /* UInt256+ExpressibleByIntegerLiteral.swift */ = {isa = PBXFileReference; fileEncoding = 4; lastKnownFileType = sourcecode.swift; path = "UInt256+ExpressibleByIntegerLiteral.swift"; sourceTree = "<group>"; };
		D26B2C0A270960E0008822B8 /* UInt256+UnsignedInteger.swift */ = {isa = PBXFileReference; fileEncoding = 4; lastKnownFileType = sourcecode.swift; path = "UInt256+UnsignedInteger.swift"; sourceTree = "<group>"; };
		D26B2C0B270960E0008822B8 /* UInt256+Comparable.swift */ = {isa = PBXFileReference; fileEncoding = 4; lastKnownFileType = sourcecode.swift; path = "UInt256+Comparable.swift"; sourceTree = "<group>"; };
		D26B2C0C270960E0008822B8 /* UInt256+Equatable.swift */ = {isa = PBXFileReference; fileEncoding = 4; lastKnownFileType = sourcecode.swift; path = "UInt256+Equatable.swift"; sourceTree = "<group>"; };
		D26B2C0D270960E0008822B8 /* UInt256.h */ = {isa = PBXFileReference; fileEncoding = 4; lastKnownFileType = sourcecode.c.h; path = UInt256.h; sourceTree = "<group>"; };
		D26B2C0E270960E0008822B8 /* UInt256+Karatsuba.swift */ = {isa = PBXFileReference; fileEncoding = 4; lastKnownFileType = sourcecode.swift; path = "UInt256+Karatsuba.swift"; sourceTree = "<group>"; };
		D26B2C0F270960E0008822B8 /* UInt256+CustomStringConvertible.swift */ = {isa = PBXFileReference; fileEncoding = 4; lastKnownFileType = sourcecode.swift; path = "UInt256+CustomStringConvertible.swift"; sourceTree = "<group>"; };
		D26B2C10270960E0008822B8 /* UInt256+Hashable.swift */ = {isa = PBXFileReference; fileEncoding = 4; lastKnownFileType = sourcecode.swift; path = "UInt256+Hashable.swift"; sourceTree = "<group>"; };
		D26B2C11270960E0008822B8 /* FixedWidthInteger+BarrettDivision.swift */ = {isa = PBXFileReference; fileEncoding = 4; lastKnownFileType = sourcecode.swift; path = "FixedWidthInteger+BarrettDivision.swift"; sourceTree = "<group>"; };
		D26B2C13270960E0008822B8 /* FixedWidthInteger+LongDivision.swift */ = {isa = PBXFileReference; fileEncoding = 4; lastKnownFileType = sourcecode.swift; path = "FixedWidthInteger+LongDivision.swift"; sourceTree = "<group>"; };
		D26B2C14270960E0008822B8 /* UInt256+Divide&Conquer.swift */ = {isa = PBXFileReference; fileEncoding = 4; lastKnownFileType = sourcecode.swift; path = "UInt256+Divide&Conquer.swift"; sourceTree = "<group>"; };
		D26B2C15270960E0008822B8 /* UInt256+BinaryInteger.swift */ = {isa = PBXFileReference; fileEncoding = 4; lastKnownFileType = sourcecode.swift; path = "UInt256+BinaryInteger.swift"; sourceTree = "<group>"; };
		D26B2C16270960E0008822B8 /* UInt256+Numeric.swift */ = {isa = PBXFileReference; fileEncoding = 4; lastKnownFileType = sourcecode.swift; path = "UInt256+Numeric.swift"; sourceTree = "<group>"; };
/* End PBXFileReference section */

/* Begin PBXFrameworksBuildPhase section */
		BF8942DF270FAABD0076E45B /* Frameworks */ = {
			isa = PBXFrameworksBuildPhase;
			buildActionMask = 2147483647;
			files = (
			);
			runOnlyForDeploymentPostprocessing = 0;
		};
		BF8942F9270FAB240076E45B /* Frameworks */ = {
			isa = PBXFrameworksBuildPhase;
			buildActionMask = 2147483647;
			files = (
			);
			runOnlyForDeploymentPostprocessing = 0;
		};
		D26B2BCD2709269B008822B8 /* Frameworks */ = {
			isa = PBXFrameworksBuildPhase;
			buildActionMask = 2147483647;
			files = (
			);
			runOnlyForDeploymentPostprocessing = 0;
		};
		D26B2BD32709269B008822B8 /* Frameworks */ = {
			isa = PBXFrameworksBuildPhase;
			buildActionMask = 2147483647;
			files = (
			);
			runOnlyForDeploymentPostprocessing = 0;
		};
/* End PBXFrameworksBuildPhase section */

/* Begin PBXGroup section */
		BF8942B1270D25800076E45B /* Blockchain */ = {
			isa = PBXGroup;
			children = (
				BF8942B2270D259D0076E45B /* Block.swift */,
				BF8942B8270F91F00076E45B /* BlockchainNode.swift */,
				BF8942BB270F92400076E45B /* MemoryPool.swift */,
				BF8942BE270F925C0076E45B /* Transactions.swift */,
			);
			path = Blockchain;
			sourceTree = "<group>";
		};
		BF8942E3270FAABD0076E45B /* MacSwiftCoinUnitTests */ = {
			isa = PBXGroup;
			children = (
				BF8942E4270FAABD0076E45B /* MacSwiftCoinUnitTests.swift */,
			);
			path = MacSwiftCoinUnitTests;
			sourceTree = "<group>";
		};
		BF8942FD270FAB240076E45B /* SwiftCoinTestsIOS */ = {
			isa = PBXGroup;
			children = (
				BF8942FE270FAB240076E45B /* SwiftCoinTestsIOS.swift */,
			);
			path = SwiftCoinTestsIOS;
			sourceTree = "<group>";
		};
		D26B2BC327092697008822B8 = {
			isa = PBXGroup;
			children = (
				D26B2BC827092698008822B8 /* Shared */,
				D26B2BD72709269B008822B8 /* macOS */,
				BF8942E3270FAABD0076E45B /* MacSwiftCoinUnitTests */,
				BF8942FD270FAB240076E45B /* SwiftCoinTestsIOS */,
				D26B2BD12709269B008822B8 /* Products */,
			);
			sourceTree = "<group>";
		};
		D26B2BC827092698008822B8 /* Shared */ = {
			isa = PBXGroup;
			children = (
				D26B2BC927092698008822B8 /* SwiftCoinApp.swift */,
				D26B2BCA27092698008822B8 /* ContentView.swift */,
				BF8942AB270BE8050076E45B /* World.swift */,
				BFD58831270AD731003D8FC7 /* Extensions.swift */,
				BF8942B1270D25800076E45B /* Blockchain */,
				D26B2C0527096039008822B8 /* UInt256 */,
				D26B2BCB2709269B008822B8 /* Assets.xcassets */,
			);
			path = Shared;
			sourceTree = "<group>";
		};
		D26B2BD12709269B008822B8 /* Products */ = {
			isa = PBXGroup;
			children = (
				D26B2BD02709269B008822B8 /* SwiftCoin.app */,
				D26B2BD62709269B008822B8 /* SwiftCoin.app */,
				BF8942E2270FAABD0076E45B /* MacSwiftCoinUnitTests.xctest */,
				BF8942FC270FAB240076E45B /* SwiftCoinTestsIOS.xctest */,
			);
			name = Products;
			sourceTree = "<group>";
		};
		D26B2BD72709269B008822B8 /* macOS */ = {
			isa = PBXGroup;
			children = (
				D26B2BD82709269B008822B8 /* macOS.entitlements */,
			);
			path = macOS;
			sourceTree = "<group>";
		};
		D26B2C0527096039008822B8 /* UInt256 */ = {
			isa = PBXGroup;
			children = (
				D26B2C11270960E0008822B8 /* FixedWidthInteger+BarrettDivision.swift */,
				D26B2C13270960E0008822B8 /* FixedWidthInteger+LongDivision.swift */,
				D26B2C0D270960E0008822B8 /* UInt256.h */,
				D26B2C08270960DF008822B8 /* UInt256.swift */,
				D26B2C07270960DF008822B8 /* UInt256+arc4random.swift */,
				D26B2C15270960E0008822B8 /* UInt256+BinaryInteger.swift */,
				D26B2C0B270960E0008822B8 /* UInt256+Comparable.swift */,
				D26B2C0F270960E0008822B8 /* UInt256+CustomStringConvertible.swift */,
				D26B2C14270960E0008822B8 /* UInt256+Divide&Conquer.swift */,
				D26B2C0C270960E0008822B8 /* UInt256+Equatable.swift */,
				D26B2C09270960DF008822B8 /* UInt256+ExpressibleByIntegerLiteral.swift */,
				D26B2C06270960DF008822B8 /* UInt256+FixedWidthInteger.swift */,
				D26B2C10270960E0008822B8 /* UInt256+Hashable.swift */,
				D26B2C0E270960E0008822B8 /* UInt256+Karatsuba.swift */,
				D26B2C16270960E0008822B8 /* UInt256+Numeric.swift */,
				D26B2C0A270960E0008822B8 /* UInt256+UnsignedInteger.swift */,
			);
			path = UInt256;
			sourceTree = "<group>";
		};
/* End PBXGroup section */

/* Begin PBXNativeTarget section */
		BF8942E1270FAABD0076E45B /* MacSwiftCoinUnitTests */ = {
			isa = PBXNativeTarget;
			buildConfigurationList = BF8942E8270FAABD0076E45B /* Build configuration list for PBXNativeTarget "MacSwiftCoinUnitTests" */;
			buildPhases = (
				BF8942DE270FAABD0076E45B /* Sources */,
				BF8942DF270FAABD0076E45B /* Frameworks */,
				BF8942E0270FAABD0076E45B /* Resources */,
			);
			buildRules = (
			);
			dependencies = (
				BF8942E7270FAABD0076E45B /* PBXTargetDependency */,
			);
			name = MacSwiftCoinUnitTests;
			productName = MacSwiftCoinUnitTests;
			productReference = BF8942E2270FAABD0076E45B /* MacSwiftCoinUnitTests.xctest */;
			productType = "com.apple.product-type.bundle.unit-test";
		};
		BF8942FB270FAB240076E45B /* SwiftCoinTestsIOS */ = {
			isa = PBXNativeTarget;
			buildConfigurationList = BF894302270FAB240076E45B /* Build configuration list for PBXNativeTarget "SwiftCoinTestsIOS" */;
			buildPhases = (
				BF8942F8270FAB240076E45B /* Sources */,
				BF8942F9270FAB240076E45B /* Frameworks */,
				BF8942FA270FAB240076E45B /* Resources */,
			);
			buildRules = (
			);
			dependencies = (
				BF894301270FAB240076E45B /* PBXTargetDependency */,
			);
			name = SwiftCoinTestsIOS;
			productName = SwiftCoinTestsIOS;
			productReference = BF8942FC270FAB240076E45B /* SwiftCoinTestsIOS.xctest */;
			productType = "com.apple.product-type.bundle.unit-test";
		};
		D26B2BCF2709269B008822B8 /* SwiftCoin (iOS) */ = {
			isa = PBXNativeTarget;
			buildConfigurationList = D26B2BF92709269B008822B8 /* Build configuration list for PBXNativeTarget "SwiftCoin (iOS)" */;
			buildPhases = (
				D26B2BCC2709269B008822B8 /* Sources */,
				D26B2BCD2709269B008822B8 /* Frameworks */,
				D26B2BCE2709269B008822B8 /* Resources */,
			);
			buildRules = (
			);
			dependencies = (
			);
			name = "SwiftCoin (iOS)";
			productName = "SwiftCoin (iOS)";
			productReference = D26B2BD02709269B008822B8 /* SwiftCoin.app */;
			productType = "com.apple.product-type.application";
		};
		D26B2BD52709269B008822B8 /* SwiftCoin (macOS) */ = {
			isa = PBXNativeTarget;
			buildConfigurationList = D26B2BFC2709269B008822B8 /* Build configuration list for PBXNativeTarget "SwiftCoin (macOS)" */;
			buildPhases = (
				D26B2BD22709269B008822B8 /* Sources */,
				D26B2BD32709269B008822B8 /* Frameworks */,
				D26B2BD42709269B008822B8 /* Resources */,
			);
			buildRules = (
			);
			dependencies = (
			);
			name = "SwiftCoin (macOS)";
			productName = "SwiftCoin (macOS)";
			productReference = D26B2BD62709269B008822B8 /* SwiftCoin.app */;
			productType = "com.apple.product-type.application";
		};
/* End PBXNativeTarget section */

/* Begin PBXProject section */
		D26B2BC427092697008822B8 /* Project object */ = {
			isa = PBXProject;
			attributes = {
				BuildIndependentTargetsInParallel = 1;
				LastSwiftUpdateCheck = 1300;
				LastUpgradeCheck = 1300;
				TargetAttributes = {
					BF8942E1270FAABD0076E45B = {
						CreatedOnToolsVersion = 13.0;
						TestTargetID = D26B2BD52709269B008822B8;
					};
					BF8942FB270FAB240076E45B = {
						CreatedOnToolsVersion = 13.0;
						TestTargetID = D26B2BCF2709269B008822B8;
					};
					D26B2BCF2709269B008822B8 = {
						CreatedOnToolsVersion = 13.0;
					};
					D26B2BD52709269B008822B8 = {
						CreatedOnToolsVersion = 13.0;
					};
				};
			};
			buildConfigurationList = D26B2BC727092697008822B8 /* Build configuration list for PBXProject "SwiftCoin" */;
			compatibilityVersion = "Xcode 13.0";
			developmentRegion = en;
			hasScannedForEncodings = 0;
			knownRegions = (
				en,
				Base,
			);
			mainGroup = D26B2BC327092697008822B8;
			productRefGroup = D26B2BD12709269B008822B8 /* Products */;
			projectDirPath = "";
			projectRoot = "";
			targets = (
				D26B2BCF2709269B008822B8 /* SwiftCoin (iOS) */,
				D26B2BD52709269B008822B8 /* SwiftCoin (macOS) */,
				BF8942E1270FAABD0076E45B /* MacSwiftCoinUnitTests */,
				BF8942FB270FAB240076E45B /* SwiftCoinTestsIOS */,
			);
		};
/* End PBXProject section */

/* Begin PBXResourcesBuildPhase section */
		BF8942E0270FAABD0076E45B /* Resources */ = {
			isa = PBXResourcesBuildPhase;
			buildActionMask = 2147483647;
			files = (
			);
			runOnlyForDeploymentPostprocessing = 0;
		};
		BF8942FA270FAB240076E45B /* Resources */ = {
			isa = PBXResourcesBuildPhase;
			buildActionMask = 2147483647;
			files = (
			);
			runOnlyForDeploymentPostprocessing = 0;
		};
		D26B2BCE2709269B008822B8 /* Resources */ = {
			isa = PBXResourcesBuildPhase;
			buildActionMask = 2147483647;
			files = (
				D26B2BF52709269B008822B8 /* Assets.xcassets in Resources */,
			);
			runOnlyForDeploymentPostprocessing = 0;
		};
		D26B2BD42709269B008822B8 /* Resources */ = {
			isa = PBXResourcesBuildPhase;
			buildActionMask = 2147483647;
			files = (
				D26B2BF62709269B008822B8 /* Assets.xcassets in Resources */,
			);
			runOnlyForDeploymentPostprocessing = 0;
		};
/* End PBXResourcesBuildPhase section */

/* Begin PBXSourcesBuildPhase section */
		BF8942DE270FAABD0076E45B /* Sources */ = {
			isa = PBXSourcesBuildPhase;
			buildActionMask = 2147483647;
			files = (
				BF8942E5270FAABD0076E45B /* MacSwiftCoinUnitTests.swift in Sources */,
			);
			runOnlyForDeploymentPostprocessing = 0;
		};
		BF8942F8270FAB240076E45B /* Sources */ = {
			isa = PBXSourcesBuildPhase;
			buildActionMask = 2147483647;
			files = (
				BF8942FF270FAB240076E45B /* SwiftCoinTestsIOS.swift in Sources */,
			);
			runOnlyForDeploymentPostprocessing = 0;
		};
		D26B2BCC2709269B008822B8 /* Sources */ = {
			isa = PBXSourcesBuildPhase;
			buildActionMask = 2147483647;
			files = (
				D26B2C17270960E0008822B8 /* UInt256+FixedWidthInteger.swift in Sources */,
				BF8942B3270D259E0076E45B /* Block.swift in Sources */,
				D26B2C33270960E0008822B8 /* UInt256+BinaryInteger.swift in Sources */,
				D26B2C21270960E0008822B8 /* UInt256+Comparable.swift in Sources */,
				D26B2C31270960E0008822B8 /* UInt256+Divide&Conquer.swift in Sources */,
				BF8942B9270F91F00076E45B /* BlockchainNode.swift in Sources */,
				D26B2BF32709269B008822B8 /* ContentView.swift in Sources */,
				D26B2C2B270960E0008822B8 /* FixedWidthInteger+BarrettDivision.swift in Sources */,
				BFD58832270AD731003D8FC7 /* Extensions.swift in Sources */,
				D26B2C35270960E0008822B8 /* UInt256+Numeric.swift in Sources */,
				BF8942BF270F925C0076E45B /* Transactions.swift in Sources */,
				D26B2C1D270960E0008822B8 /* UInt256+ExpressibleByIntegerLiteral.swift in Sources */,
				D26B2C27270960E0008822B8 /* UInt256+CustomStringConvertible.swift in Sources */,
				D26B2C25270960E0008822B8 /* UInt256+Karatsuba.swift in Sources */,
				D26B2C19270960E0008822B8 /* UInt256+arc4random.swift in Sources */,
				D26B2BF12709269B008822B8 /* SwiftCoinApp.swift in Sources */,
				BF8942AC270BE8050076E45B /* World.swift in Sources */,
				D26B2C23270960E0008822B8 /* UInt256+Equatable.swift in Sources */,
				D26B2C29270960E0008822B8 /* UInt256+Hashable.swift in Sources */,
				D26B2C1B270960E0008822B8 /* UInt256.swift in Sources */,
				D26B2C1F270960E0008822B8 /* UInt256+UnsignedInteger.swift in Sources */,
				BF8942BC270F92400076E45B /* MemoryPool.swift in Sources */,
				D26B2C2F270960E0008822B8 /* FixedWidthInteger+LongDivision.swift in Sources */,
			);
			runOnlyForDeploymentPostprocessing = 0;
		};
		D26B2BD22709269B008822B8 /* Sources */ = {
			isa = PBXSourcesBuildPhase;
			buildActionMask = 2147483647;
			files = (
				D26B2C18270960E0008822B8 /* UInt256+FixedWidthInteger.swift in Sources */,
				BF8942B4270D259E0076E45B /* Block.swift in Sources */,
				D26B2C34270960E0008822B8 /* UInt256+BinaryInteger.swift in Sources */,
				D26B2C22270960E0008822B8 /* UInt256+Comparable.swift in Sources */,
				D26B2C32270960E0008822B8 /* UInt256+Divide&Conquer.swift in Sources */,
				BF8942BA270F91F00076E45B /* BlockchainNode.swift in Sources */,
				D26B2BF42709269B008822B8 /* ContentView.swift in Sources */,
				D26B2C2C270960E0008822B8 /* FixedWidthInteger+BarrettDivision.swift in Sources */,
				BFD58833270AD731003D8FC7 /* Extensions.swift in Sources */,
				D26B2C36270960E0008822B8 /* UInt256+Numeric.swift in Sources */,
				BF8942C0270F925C0076E45B /* Transactions.swift in Sources */,
				D26B2C1E270960E0008822B8 /* UInt256+ExpressibleByIntegerLiteral.swift in Sources */,
				D26B2C28270960E0008822B8 /* UInt256+CustomStringConvertible.swift in Sources */,
				D26B2C26270960E0008822B8 /* UInt256+Karatsuba.swift in Sources */,
				D26B2C1A270960E0008822B8 /* UInt256+arc4random.swift in Sources */,
				D26B2BF22709269B008822B8 /* SwiftCoinApp.swift in Sources */,
				BF8942AD270BE8050076E45B /* World.swift in Sources */,
				D26B2C24270960E0008822B8 /* UInt256+Equatable.swift in Sources */,
				D26B2C2A270960E0008822B8 /* UInt256+Hashable.swift in Sources */,
				D26B2C1C270960E0008822B8 /* UInt256.swift in Sources */,
				D26B2C20270960E0008822B8 /* UInt256+UnsignedInteger.swift in Sources */,
				BF8942BD270F92400076E45B /* MemoryPool.swift in Sources */,
				D26B2C30270960E0008822B8 /* FixedWidthInteger+LongDivision.swift in Sources */,
			);
			runOnlyForDeploymentPostprocessing = 0;
		};
/* End PBXSourcesBuildPhase section */

/* Begin PBXTargetDependency section */
		BF8942E7270FAABD0076E45B /* PBXTargetDependency */ = {
			isa = PBXTargetDependency;
			target = D26B2BD52709269B008822B8 /* SwiftCoin (macOS) */;
			targetProxy = BF8942E6270FAABD0076E45B /* PBXContainerItemProxy */;
		};
		BF894301270FAB240076E45B /* PBXTargetDependency */ = {
			isa = PBXTargetDependency;
			target = D26B2BCF2709269B008822B8 /* SwiftCoin (iOS) */;
			targetProxy = BF894300270FAB240076E45B /* PBXContainerItemProxy */;
		};
/* End PBXTargetDependency section */

/* Begin XCBuildConfiguration section */
		BF8942E9270FAABD0076E45B /* Debug */ = {
			isa = XCBuildConfiguration;
			buildSettings = {
				BUNDLE_LOADER = "$(TEST_HOST)";
				CODE_SIGN_STYLE = Automatic;
				COMBINE_HIDPI_IMAGES = YES;
				CURRENT_PROJECT_VERSION = 1;
				DEVELOPMENT_TEAM = PDHYCZZ38B;
				GENERATE_INFOPLIST_FILE = YES;
				LD_RUNPATH_SEARCH_PATHS = (
					"$(inherited)",
					"@executable_path/../Frameworks",
					"@loader_path/../Frameworks",
				);
				MACOSX_DEPLOYMENT_TARGET = 11.3;
				MARKETING_VERSION = 1.0;
				PRODUCT_BUNDLE_IDENTIFIER = com.synapticedge.MacSwiftCoinUnitTests;
				PRODUCT_NAME = "$(TARGET_NAME)";
				SDKROOT = macosx;
				SWIFT_EMIT_LOC_STRINGS = NO;
				SWIFT_VERSION = 5.0;
				TEST_HOST = "$(BUILT_PRODUCTS_DIR)/SwiftCoin.app/Contents/MacOS/SwiftCoin";
			};
			name = Debug;
		};
		BF8942EA270FAABD0076E45B /* Release */ = {
			isa = XCBuildConfiguration;
			buildSettings = {
				BUNDLE_LOADER = "$(TEST_HOST)";
				CODE_SIGN_STYLE = Automatic;
				COMBINE_HIDPI_IMAGES = YES;
				CURRENT_PROJECT_VERSION = 1;
				DEVELOPMENT_TEAM = PDHYCZZ38B;
				GENERATE_INFOPLIST_FILE = YES;
				LD_RUNPATH_SEARCH_PATHS = (
					"$(inherited)",
					"@executable_path/../Frameworks",
					"@loader_path/../Frameworks",
				);
				MACOSX_DEPLOYMENT_TARGET = 11.3;
				MARKETING_VERSION = 1.0;
				PRODUCT_BUNDLE_IDENTIFIER = com.synapticedge.MacSwiftCoinUnitTests;
				PRODUCT_NAME = "$(TARGET_NAME)";
				SDKROOT = macosx;
				SWIFT_EMIT_LOC_STRINGS = NO;
				SWIFT_VERSION = 5.0;
				TEST_HOST = "$(BUILT_PRODUCTS_DIR)/SwiftCoin.app/Contents/MacOS/SwiftCoin";
			};
			name = Release;
		};
		BF894303270FAB240076E45B /* Debug */ = {
			isa = XCBuildConfiguration;
			buildSettings = {
				BUNDLE_LOADER = "$(TEST_HOST)";
				CODE_SIGN_STYLE = Automatic;
				CURRENT_PROJECT_VERSION = 1;
				DEVELOPMENT_TEAM = PDHYCZZ38B;
				GENERATE_INFOPLIST_FILE = YES;
				IPHONEOS_DEPLOYMENT_TARGET = 15.0;
				LD_RUNPATH_SEARCH_PATHS = (
					"$(inherited)",
					"@executable_path/Frameworks",
					"@loader_path/Frameworks",
				);
				MARKETING_VERSION = 1.0;
				PRODUCT_BUNDLE_IDENTIFIER = com.synapticedge.SwiftCoinTestsIOS;
				PRODUCT_NAME = "$(TARGET_NAME)";
				SDKROOT = iphoneos;
				SWIFT_EMIT_LOC_STRINGS = NO;
				SWIFT_VERSION = 5.0;
				TARGETED_DEVICE_FAMILY = "1,2";
				TEST_HOST = "$(BUILT_PRODUCTS_DIR)/SwiftCoin.app/SwiftCoin";
			};
			name = Debug;
		};
		BF894304270FAB240076E45B /* Release */ = {
			isa = XCBuildConfiguration;
			buildSettings = {
				BUNDLE_LOADER = "$(TEST_HOST)";
				CODE_SIGN_STYLE = Automatic;
				CURRENT_PROJECT_VERSION = 1;
				DEVELOPMENT_TEAM = PDHYCZZ38B;
				GENERATE_INFOPLIST_FILE = YES;
				IPHONEOS_DEPLOYMENT_TARGET = 15.0;
				LD_RUNPATH_SEARCH_PATHS = (
					"$(inherited)",
					"@executable_path/Frameworks",
					"@loader_path/Frameworks",
				);
				MARKETING_VERSION = 1.0;
				PRODUCT_BUNDLE_IDENTIFIER = com.synapticedge.SwiftCoinTestsIOS;
				PRODUCT_NAME = "$(TARGET_NAME)";
				SDKROOT = iphoneos;
				SWIFT_EMIT_LOC_STRINGS = NO;
				SWIFT_VERSION = 5.0;
				TARGETED_DEVICE_FAMILY = "1,2";
				TEST_HOST = "$(BUILT_PRODUCTS_DIR)/SwiftCoin.app/SwiftCoin";
				VALIDATE_PRODUCT = YES;
			};
			name = Release;
		};
		D26B2BF72709269B008822B8 /* Debug */ = {
			isa = XCBuildConfiguration;
			buildSettings = {
				ALWAYS_SEARCH_USER_PATHS = NO;
				CLANG_ANALYZER_NONNULL = YES;
				CLANG_ANALYZER_NUMBER_OBJECT_CONVERSION = YES_AGGRESSIVE;
				CLANG_CXX_LANGUAGE_STANDARD = "gnu++17";
				CLANG_CXX_LIBRARY = "libc++";
				CLANG_ENABLE_MODULES = YES;
				CLANG_ENABLE_OBJC_ARC = YES;
				CLANG_ENABLE_OBJC_WEAK = YES;
				CLANG_WARN_BLOCK_CAPTURE_AUTORELEASING = YES;
				CLANG_WARN_BOOL_CONVERSION = YES;
				CLANG_WARN_COMMA = YES;
				CLANG_WARN_CONSTANT_CONVERSION = YES;
				CLANG_WARN_DEPRECATED_OBJC_IMPLEMENTATIONS = YES;
				CLANG_WARN_DIRECT_OBJC_ISA_USAGE = YES_ERROR;
				CLANG_WARN_DOCUMENTATION_COMMENTS = YES;
				CLANG_WARN_EMPTY_BODY = YES;
				CLANG_WARN_ENUM_CONVERSION = YES;
				CLANG_WARN_INFINITE_RECURSION = YES;
				CLANG_WARN_INT_CONVERSION = YES;
				CLANG_WARN_NON_LITERAL_NULL_CONVERSION = YES;
				CLANG_WARN_OBJC_IMPLICIT_RETAIN_SELF = YES;
				CLANG_WARN_OBJC_LITERAL_CONVERSION = YES;
				CLANG_WARN_OBJC_ROOT_CLASS = YES_ERROR;
				CLANG_WARN_QUOTED_INCLUDE_IN_FRAMEWORK_HEADER = YES;
				CLANG_WARN_RANGE_LOOP_ANALYSIS = YES;
				CLANG_WARN_STRICT_PROTOTYPES = YES;
				CLANG_WARN_SUSPICIOUS_MOVE = YES;
				CLANG_WARN_UNGUARDED_AVAILABILITY = YES_AGGRESSIVE;
				CLANG_WARN_UNREACHABLE_CODE = YES;
				CLANG_WARN__DUPLICATE_METHOD_MATCH = YES;
				COPY_PHASE_STRIP = NO;
				DEBUG_INFORMATION_FORMAT = dwarf;
				ENABLE_STRICT_OBJC_MSGSEND = YES;
				ENABLE_TESTABILITY = YES;
				GCC_C_LANGUAGE_STANDARD = gnu11;
				GCC_DYNAMIC_NO_PIC = NO;
				GCC_NO_COMMON_BLOCKS = YES;
				GCC_OPTIMIZATION_LEVEL = 0;
				GCC_PREPROCESSOR_DEFINITIONS = (
					"DEBUG=1",
					"$(inherited)",
				);
				GCC_WARN_64_TO_32_BIT_CONVERSION = YES;
				GCC_WARN_ABOUT_RETURN_TYPE = YES_ERROR;
				GCC_WARN_UNDECLARED_SELECTOR = YES;
				GCC_WARN_UNINITIALIZED_AUTOS = YES_AGGRESSIVE;
				GCC_WARN_UNUSED_FUNCTION = YES;
				GCC_WARN_UNUSED_VARIABLE = YES;
				MTL_ENABLE_DEBUG_INFO = INCLUDE_SOURCE;
				MTL_FAST_MATH = YES;
				ONLY_ACTIVE_ARCH = YES;
				SWIFT_ACTIVE_COMPILATION_CONDITIONS = DEBUG;
				SWIFT_OPTIMIZATION_LEVEL = "-Onone";
			};
			name = Debug;
		};
		D26B2BF82709269B008822B8 /* Release */ = {
			isa = XCBuildConfiguration;
			buildSettings = {
				ALWAYS_SEARCH_USER_PATHS = NO;
				CLANG_ANALYZER_NONNULL = YES;
				CLANG_ANALYZER_NUMBER_OBJECT_CONVERSION = YES_AGGRESSIVE;
				CLANG_CXX_LANGUAGE_STANDARD = "gnu++17";
				CLANG_CXX_LIBRARY = "libc++";
				CLANG_ENABLE_MODULES = YES;
				CLANG_ENABLE_OBJC_ARC = YES;
				CLANG_ENABLE_OBJC_WEAK = YES;
				CLANG_WARN_BLOCK_CAPTURE_AUTORELEASING = YES;
				CLANG_WARN_BOOL_CONVERSION = YES;
				CLANG_WARN_COMMA = YES;
				CLANG_WARN_CONSTANT_CONVERSION = YES;
				CLANG_WARN_DEPRECATED_OBJC_IMPLEMENTATIONS = YES;
				CLANG_WARN_DIRECT_OBJC_ISA_USAGE = YES_ERROR;
				CLANG_WARN_DOCUMENTATION_COMMENTS = YES;
				CLANG_WARN_EMPTY_BODY = YES;
				CLANG_WARN_ENUM_CONVERSION = YES;
				CLANG_WARN_INFINITE_RECURSION = YES;
				CLANG_WARN_INT_CONVERSION = YES;
				CLANG_WARN_NON_LITERAL_NULL_CONVERSION = YES;
				CLANG_WARN_OBJC_IMPLICIT_RETAIN_SELF = YES;
				CLANG_WARN_OBJC_LITERAL_CONVERSION = YES;
				CLANG_WARN_OBJC_ROOT_CLASS = YES_ERROR;
				CLANG_WARN_QUOTED_INCLUDE_IN_FRAMEWORK_HEADER = YES;
				CLANG_WARN_RANGE_LOOP_ANALYSIS = YES;
				CLANG_WARN_STRICT_PROTOTYPES = YES;
				CLANG_WARN_SUSPICIOUS_MOVE = YES;
				CLANG_WARN_UNGUARDED_AVAILABILITY = YES_AGGRESSIVE;
				CLANG_WARN_UNREACHABLE_CODE = YES;
				CLANG_WARN__DUPLICATE_METHOD_MATCH = YES;
				COPY_PHASE_STRIP = NO;
				DEBUG_INFORMATION_FORMAT = "dwarf-with-dsym";
				ENABLE_NS_ASSERTIONS = NO;
				ENABLE_STRICT_OBJC_MSGSEND = YES;
				GCC_C_LANGUAGE_STANDARD = gnu11;
				GCC_NO_COMMON_BLOCKS = YES;
				GCC_WARN_64_TO_32_BIT_CONVERSION = YES;
				GCC_WARN_ABOUT_RETURN_TYPE = YES_ERROR;
				GCC_WARN_UNDECLARED_SELECTOR = YES;
				GCC_WARN_UNINITIALIZED_AUTOS = YES_AGGRESSIVE;
				GCC_WARN_UNUSED_FUNCTION = YES;
				GCC_WARN_UNUSED_VARIABLE = YES;
				MTL_ENABLE_DEBUG_INFO = NO;
				MTL_FAST_MATH = YES;
				SWIFT_COMPILATION_MODE = wholemodule;
				SWIFT_OPTIMIZATION_LEVEL = "-O";
			};
			name = Release;
		};
		D26B2BFA2709269B008822B8 /* Debug */ = {
			isa = XCBuildConfiguration;
			buildSettings = {
				ASSETCATALOG_COMPILER_APPICON_NAME = AppIcon;
				ASSETCATALOG_COMPILER_GLOBAL_ACCENT_COLOR_NAME = AccentColor;
				CODE_SIGN_STYLE = Automatic;
				CURRENT_PROJECT_VERSION = 1;
				DEVELOPMENT_TEAM = PDHYCZZ38B;
				ENABLE_PREVIEWS = YES;
				GENERATE_INFOPLIST_FILE = YES;
				INFOPLIST_KEY_UIApplicationSceneManifest_Generation = YES;
				INFOPLIST_KEY_UIApplicationSupportsIndirectInputEvents = YES;
				INFOPLIST_KEY_UILaunchScreen_Generation = YES;
				INFOPLIST_KEY_UISupportedInterfaceOrientations_iPad = "UIInterfaceOrientationPortrait UIInterfaceOrientationPortraitUpsideDown UIInterfaceOrientationLandscapeLeft UIInterfaceOrientationLandscapeRight";
				INFOPLIST_KEY_UISupportedInterfaceOrientations_iPhone = "UIInterfaceOrientationPortrait UIInterfaceOrientationLandscapeLeft UIInterfaceOrientationLandscapeRight";
				IPHONEOS_DEPLOYMENT_TARGET = 14.0;
				LD_RUNPATH_SEARCH_PATHS = (
					"$(inherited)",
					"@executable_path/Frameworks",
				);
				MARKETING_VERSION = 1.0;
				PRODUCT_BUNDLE_IDENTIFIER = com.bethancourt.SwiftCoin;
				PRODUCT_NAME = SwiftCoin;
				SDKROOT = iphoneos;
				SWIFT_EMIT_LOC_STRINGS = YES;
				SWIFT_VERSION = 5.0;
				TARGETED_DEVICE_FAMILY = "1,2";
			};
			name = Debug;
		};
		D26B2BFB2709269B008822B8 /* Release */ = {
			isa = XCBuildConfiguration;
			buildSettings = {
				ASSETCATALOG_COMPILER_APPICON_NAME = AppIcon;
				ASSETCATALOG_COMPILER_GLOBAL_ACCENT_COLOR_NAME = AccentColor;
				CODE_SIGN_STYLE = Automatic;
				CURRENT_PROJECT_VERSION = 1;
				DEVELOPMENT_TEAM = PDHYCZZ38B;
				ENABLE_PREVIEWS = YES;
				GENERATE_INFOPLIST_FILE = YES;
				INFOPLIST_KEY_UIApplicationSceneManifest_Generation = YES;
				INFOPLIST_KEY_UIApplicationSupportsIndirectInputEvents = YES;
				INFOPLIST_KEY_UILaunchScreen_Generation = YES;
				INFOPLIST_KEY_UISupportedInterfaceOrientations_iPad = "UIInterfaceOrientationPortrait UIInterfaceOrientationPortraitUpsideDown UIInterfaceOrientationLandscapeLeft UIInterfaceOrientationLandscapeRight";
				INFOPLIST_KEY_UISupportedInterfaceOrientations_iPhone = "UIInterfaceOrientationPortrait UIInterfaceOrientationLandscapeLeft UIInterfaceOrientationLandscapeRight";
				IPHONEOS_DEPLOYMENT_TARGET = 14.0;
				LD_RUNPATH_SEARCH_PATHS = (
					"$(inherited)",
					"@executable_path/Frameworks",
				);
				MARKETING_VERSION = 1.0;
				PRODUCT_BUNDLE_IDENTIFIER = com.bethancourt.SwiftCoin;
				PRODUCT_NAME = SwiftCoin;
				SDKROOT = iphoneos;
				SWIFT_EMIT_LOC_STRINGS = YES;
				SWIFT_VERSION = 5.0;
				TARGETED_DEVICE_FAMILY = "1,2";
				VALIDATE_PRODUCT = YES;
			};
			name = Release;
		};
		D26B2BFD2709269B008822B8 /* Debug */ = {
			isa = XCBuildConfiguration;
			buildSettings = {
				ASSETCATALOG_COMPILER_APPICON_NAME = AppIcon;
				ASSETCATALOG_COMPILER_GLOBAL_ACCENT_COLOR_NAME = AccentColor;
				CODE_SIGN_ENTITLEMENTS = macOS/macOS.entitlements;
				CODE_SIGN_STYLE = Automatic;
				COMBINE_HIDPI_IMAGES = YES;
				CURRENT_PROJECT_VERSION = 1;
				DEVELOPMENT_TEAM = PDHYCZZ38B;
				ENABLE_HARDENED_RUNTIME = YES;
				ENABLE_PREVIEWS = YES;
				GENERATE_INFOPLIST_FILE = YES;
				INFOPLIST_KEY_NSHumanReadableCopyright = "";
				LD_RUNPATH_SEARCH_PATHS = (
					"$(inherited)",
					"@executable_path/../Frameworks",
				);
				MACOSX_DEPLOYMENT_TARGET = 11.0;
				MARKETING_VERSION = 1.0;
				PRODUCT_BUNDLE_IDENTIFIER = com.bethancourt.SwiftCoin;
				PRODUCT_NAME = SwiftCoin;
				SDKROOT = macosx;
				SWIFT_EMIT_LOC_STRINGS = YES;
				SWIFT_VERSION = 5.0;
			};
			name = Debug;
		};
		D26B2BFE2709269B008822B8 /* Release */ = {
			isa = XCBuildConfiguration;
			buildSettings = {
				ASSETCATALOG_COMPILER_APPICON_NAME = AppIcon;
				ASSETCATALOG_COMPILER_GLOBAL_ACCENT_COLOR_NAME = AccentColor;
				CODE_SIGN_ENTITLEMENTS = macOS/macOS.entitlements;
				CODE_SIGN_STYLE = Automatic;
				COMBINE_HIDPI_IMAGES = YES;
				CURRENT_PROJECT_VERSION = 1;
				DEVELOPMENT_TEAM = PDHYCZZ38B;
				ENABLE_HARDENED_RUNTIME = YES;
				ENABLE_PREVIEWS = YES;
				GENERATE_INFOPLIST_FILE = YES;
				INFOPLIST_KEY_NSHumanReadableCopyright = "";
				LD_RUNPATH_SEARCH_PATHS = (
					"$(inherited)",
					"@executable_path/../Frameworks",
				);
				MACOSX_DEPLOYMENT_TARGET = 11.0;
				MARKETING_VERSION = 1.0;
				PRODUCT_BUNDLE_IDENTIFIER = com.bethancourt.SwiftCoin;
				PRODUCT_NAME = SwiftCoin;
				SDKROOT = macosx;
				SWIFT_EMIT_LOC_STRINGS = YES;
				SWIFT_VERSION = 5.0;
			};
			name = Release;
		};
/* End XCBuildConfiguration section */

/* Begin XCConfigurationList section */
		BF8942E8270FAABD0076E45B /* Build configuration list for PBXNativeTarget "MacSwiftCoinUnitTests" */ = {
			isa = XCConfigurationList;
			buildConfigurations = (
				BF8942E9270FAABD0076E45B /* Debug */,
				BF8942EA270FAABD0076E45B /* Release */,
			);
			defaultConfigurationIsVisible = 0;
			defaultConfigurationName = Release;
		};
		BF894302270FAB240076E45B /* Build configuration list for PBXNativeTarget "SwiftCoinTestsIOS" */ = {
			isa = XCConfigurationList;
			buildConfigurations = (
				BF894303270FAB240076E45B /* Debug */,
				BF894304270FAB240076E45B /* Release */,
			);
			defaultConfigurationIsVisible = 0;
			defaultConfigurationName = Release;
		};
		D26B2BC727092697008822B8 /* Build configuration list for PBXProject "SwiftCoin" */ = {
			isa = XCConfigurationList;
			buildConfigurations = (
				D26B2BF72709269B008822B8 /* Debug */,
				D26B2BF82709269B008822B8 /* Release */,
			);
			defaultConfigurationIsVisible = 0;
			defaultConfigurationName = Release;
		};
		D26B2BF92709269B008822B8 /* Build configuration list for PBXNativeTarget "SwiftCoin (iOS)" */ = {
			isa = XCConfigurationList;
			buildConfigurations = (
				D26B2BFA2709269B008822B8 /* Debug */,
				D26B2BFB2709269B008822B8 /* Release */,
			);
			defaultConfigurationIsVisible = 0;
			defaultConfigurationName = Release;
		};
		D26B2BFC2709269B008822B8 /* Build configuration list for PBXNativeTarget "SwiftCoin (macOS)" */ = {
			isa = XCConfigurationList;
			buildConfigurations = (
				D26B2BFD2709269B008822B8 /* Debug */,
				D26B2BFE2709269B008822B8 /* Release */,
			);
			defaultConfigurationIsVisible = 0;
			defaultConfigurationName = Release;
		};
/* End XCConfigurationList section */
	};
	rootObject = D26B2BC427092697008822B8 /* Project object */;
}
